
Microsoft Visual Studio Solution File, Format Version 12.00
# Visual Studio Version 17
VisualStudioVersion = 17.6.33829.357
MinimumVisualStudioVersion = 10.0.40219.1
Project("{FAE04EC0-301F-11D3-BF4B-00C04F79EFBC}") = "LearnEevntsInCSharpProj", "LearnEevntsInCSharpProj\LearnEevntsInCSharpProj.csproj", "{025A53B8-93FA-44EB-AA04-1CF1CBF901C0}"
EndProject
Global
	GlobalSection(SolutionConfigurationPlatforms) = preSolution
		Debug|Any CPU = Debug|Any CPU
		Release|Any CPU = Release|Any CPU
	EndGlobalSection
	GlobalSection(ProjectConfigurationPlatforms) = postSolution
		{025A53B8-93FA-44EB-AA04-1CF1CBF901C0}.Debug|Any CPU.ActiveCfg = Debug|Any CPU
		{025A53B8-93FA-44EB-AA04-1CF1CBF901C0}.Debug|Any CPU.Build.0 = Debug|Any CPU
		{025A53B8-93FA-44EB-AA04-1CF1CBF901C0}.Release|Any CPU.ActiveCfg = Release|Any CPU
		{025A53B8-93FA-44EB-AA04-1CF1CBF901C0}.Release|Any CPU.Build.0 = Release|Any CPU
	EndGlobalSection
	GlobalSection(SolutionProperties) = preSolution
		HideSolutionNode = FALSE
	EndGlobalSection
	GlobalSection(ExtensibilityGlobals) = postSolution
		SolutionGuid = {06C750CE-EE91-4FCB-8C7A-116831B7EA81}
	EndGlobalSection
EndGlobal
